
Microsoft Visual Studio Solution File, Format Version 12.00
# Visual Studio 15
VisualStudioVersion = 15.0.28010.2026
MinimumVisualStudioVersion = 10.0.40219.1
Project("{8BC9CEB8-8B4A-11D0-8D11-00A0C91BC942}") = "PoNG", "PoNG\PoNG.vcxproj", "{A3EB16BD-8E40-4537-9798-0FE51F7A793E}"
EndProject
Global
	GlobalSection(SolutionConfigurationPlatforms) = preSolution
		Debug|x64 = Debug|x64
		Debug|x86 = Debug|x86
		Release|x64 = Release|x64
		Release|x86 = Release|x86
	EndGlobalSection
	GlobalSection(ProjectConfigurationPlatforms) = postSolution
		{A3EB16BD-8E40-4537-9798-0FE51F7A793E}.Debug|x64.ActiveCfg = Debug|x64
		{A3EB16BD-8E40-4537-9798-0FE51F7A793E}.Debug|x64.Build.0 = Debug|x64
		{A3EB16BD-8E40-4537-9798-0FE51F7A793E}.Debug|x86.ActiveCfg = Debug|Win32
		{A3EB16BD-8E40-4537-9798-0FE51F7A793E}.Debug|x86.Build.0 = Debug|Win32
		{A3EB16BD-8E40-4537-9798-0FE51F7A793E}.Release|x64.ActiveCfg = Release|x64
		{A3EB16BD-8E40-4537-9798-0FE51F7A793E}.Release|x64.Build.0 = Release|x64
		{A3EB16BD-8E40-4537-9798-0FE51F7A793E}.Release|x86.ActiveCfg = Release|Win32
		{A3EB16BD-8E40-4537-9798-0FE51F7A793E}.Release|x86.Build.0 = Release|Win32
	EndGlobalSection
	GlobalSection(SolutionProperties) = preSolution
		HideSolutionNode = FALSE
	EndGlobalSection
	GlobalSection(ExtensibilityGlobals) = postSolution
		SolutionGuid = {32BBCC4F-1524-4529-855C-E957F37875FC}
	EndGlobalSection
EndGlobal
